
Microsoft Visual Studio Solution File, Format Version 12.00
# Visual Studio Version 17
VisualStudioVersion = 17.11.35222.181
MinimumVisualStudioVersion = 10.0.40219.1
Project("{FAE04EC0-301F-11D3-BF4B-00C04F79EFBC}") = "Situations Administratives", "Situations Administratives\Situations Administratives.csproj", "{23C28584-0735-46AA-BC84-CF8BDB4940CD}"
EndProject
Project("{54435603-DBB4-11D2-8724-00A0C9A8B90C}") = "Situations_Administratives", "..\Situations_Administratives\Situations_Administratives.vdproj", "{A1922BD9-77A7-4B0F-9C78-9AA63595C6E4}"
EndProject
Global
	GlobalSection(SolutionConfigurationPlatforms) = preSolution
		Debug|Any CPU = Debug|Any CPU
		Release|Any CPU = Release|Any CPU
	EndGlobalSection
	GlobalSection(ProjectConfigurationPlatforms) = postSolution
		{23C28584-0735-46AA-BC84-CF8BDB4940CD}.Debug|Any CPU.ActiveCfg = Debug|Any CPU
		{23C28584-0735-46AA-BC84-CF8BDB4940CD}.Debug|Any CPU.Build.0 = Debug|Any CPU
		{23C28584-0735-46AA-BC84-CF8BDB4940CD}.Release|Any CPU.ActiveCfg = Release|Any CPU
		{23C28584-0735-46AA-BC84-CF8BDB4940CD}.Release|Any CPU.Build.0 = Release|Any CPU
		{A1922BD9-77A7-4B0F-9C78-9AA63595C6E4}.Debug|Any CPU.ActiveCfg = Debug
		{A1922BD9-77A7-4B0F-9C78-9AA63595C6E4}.Release|Any CPU.ActiveCfg = Release
	EndGlobalSection
	GlobalSection(SolutionProperties) = preSolution
		HideSolutionNode = FALSE
	EndGlobalSection
	GlobalSection(ExtensibilityGlobals) = postSolution
		SolutionGuid = {3CE02F35-8213-4A56-9587-091CD7882EA0}
	EndGlobalSection
EndGlobal
